// !$*UTF8*$!
{
	archiveVersion = 1;
	classes = {
	};
	objectVersion = 50;
	objects = {

/* Begin PBXBuildFile section */
		24D9591BF8B88E8845FA5FE0 /* Pods_Calender.framework in Frameworks */ = {isa = PBXBuildFile; fileRef = 3113451E1A13FDADEF3950A1 /* Pods_Calender.framework */; };
		F420E11520B3091600C6B90C /* CustomCell.swift in Sources */ = {isa = PBXBuildFile; fileRef = F420E11420B3091600C6B90C /* CustomCell.swift */; };
		F42BC48920E520EA000E159E /* DiaryViewController.swift in Sources */ = {isa = PBXBuildFile; fileRef = F42BC48820E520EA000E159E /* DiaryViewController.swift */; };
		F42BC48B20E5211B000E159E /* AddDiaryViewController.swift in Sources */ = {isa = PBXBuildFile; fileRef = F42BC48A20E5211B000E159E /* AddDiaryViewController.swift */; };
		F42BC48D20E5341A000E159E /* AddAccViewController.swift in Sources */ = {isa = PBXBuildFile; fileRef = F42BC48C20E5341A000E159E /* AddAccViewController.swift */; };
		F42BC48F20E53435000E159E /* AddAccCollectionViewCell.swift in Sources */ = {isa = PBXBuildFile; fileRef = F42BC48E20E53435000E159E /* AddAccCollectionViewCell.swift */; };
		F430C48820C3ADDE00D8A3C8 /* Use.swift in Sources */ = {isa = PBXBuildFile; fileRef = F430C48720C3ADDE00D8A3C8 /* Use.swift */; };
		F439407F20B3044900662113 /* AppDelegate.swift in Sources */ = {isa = PBXBuildFile; fileRef = F439407E20B3044900662113 /* AppDelegate.swift */; };
		F439408120B3044900662113 /* ViewController.swift in Sources */ = {isa = PBXBuildFile; fileRef = F439408020B3044900662113 /* ViewController.swift */; };
		F439408420B3044900662113 /* Main.storyboard in Resources */ = {isa = PBXBuildFile; fileRef = F439408220B3044900662113 /* Main.storyboard */; };
		F439408620B3044A00662113 /* Assets.xcassets in Resources */ = {isa = PBXBuildFile; fileRef = F439408520B3044A00662113 /* Assets.xcassets */; };
		F439408920B3044A00662113 /* LaunchScreen.storyboard in Resources */ = {isa = PBXBuildFile; fileRef = F439408720B3044A00662113 /* LaunchScreen.storyboard */; };
		F43AA75020C037AA00C63EEE /* FFTableViewController.swift in Sources */ = {isa = PBXBuildFile; fileRef = F43AA74F20C037AA00C63EEE /* FFTableViewController.swift */; };
		F45AED9D20D6B4EC00F4FD23 /* UpdatedTableViewController.swift in Sources */ = {isa = PBXBuildFile; fileRef = F45AED9C20D6B4EC00F4FD23 /* UpdatedTableViewController.swift */; };
		F460AB0520E2890700676EC2 /* AccountCollectionViewCell.swift in Sources */ = {isa = PBXBuildFile; fileRef = F460AB0420E2890700676EC2 /* AccountCollectionViewCell.swift */; };
		F460AB0720E2891F00676EC2 /* AccountViewController.swift in Sources */ = {isa = PBXBuildFile; fileRef = F460AB0620E2891F00676EC2 /* AccountViewController.swift */; };
		F475FCA520F1FA4500824659 /* AddAccountViewController.swift in Sources */ = {isa = PBXBuildFile; fileRef = F475FCA420F1FA4500824659 /* AddAccountViewController.swift */; };
		F47C4D6F20E8E108004FA1DF /* ContentCollectionViewCell.swift in Sources */ = {isa = PBXBuildFile; fileRef = F47C4D6E20E8E108004FA1DF /* ContentCollectionViewCell.swift */; };
		F47C4D7120E8E11B004FA1DF /* ContentViewController.swift in Sources */ = {isa = PBXBuildFile; fileRef = F47C4D7020E8E11B004FA1DF /* ContentViewController.swift */; };
		F487E5F420B701E3005F8AC1 /* crayon_1-1.ttf in Resources */ = {isa = PBXBuildFile; fileRef = F487E5F320B701E3005F8AC1 /* crayon_1-1.ttf */; };
		F4E4653120D0C52A00948CEA /* Calender.xcdatamodeld in Sources */ = {isa = PBXBuildFile; fileRef = F4E4652F20D0C52900948CEA /* Calender.xcdatamodeld */; };
		F4F44E6C20EFC42200C6EC7D /* EditViewController.swift in Sources */ = {isa = PBXBuildFile; fileRef = F4F44E6B20EFC42200C6EC7D /* EditViewController.swift */; };
/* End PBXBuildFile section */

/* Begin PBXFileReference section */
		3113451E1A13FDADEF3950A1 /* Pods_Calender.framework */ = {isa = PBXFileReference; explicitFileType = wrapper.framework; includeInIndex = 0; path = Pods_Calender.framework; sourceTree = BUILT_PRODUCTS_DIR; };
		8C9513DD69D40F78669B22D2 /* Pods-Calender.release.xcconfig */ = {isa = PBXFileReference; includeInIndex = 1; lastKnownFileType = text.xcconfig; name = "Pods-Calender.release.xcconfig"; path = "Pods/Target Support Files/Pods-Calender/Pods-Calender.release.xcconfig"; sourceTree = "<group>"; };
		DEA8E5E0CAC23196FB8A2778 /* Pods-Calender.debug.xcconfig */ = {isa = PBXFileReference; includeInIndex = 1; lastKnownFileType = text.xcconfig; name = "Pods-Calender.debug.xcconfig"; path = "Pods/Target Support Files/Pods-Calender/Pods-Calender.debug.xcconfig"; sourceTree = "<group>"; };
		F420E11420B3091600C6B90C /* CustomCell.swift */ = {isa = PBXFileReference; lastKnownFileType = sourcecode.swift; path = CustomCell.swift; sourceTree = "<group>"; };
		F42BC48820E520EA000E159E /* DiaryViewController.swift */ = {isa = PBXFileReference; lastKnownFileType = sourcecode.swift; path = DiaryViewController.swift; sourceTree = "<group>"; };
		F42BC48A20E5211B000E159E /* AddDiaryViewController.swift */ = {isa = PBXFileReference; lastKnownFileType = sourcecode.swift; path = AddDiaryViewController.swift; sourceTree = "<group>"; };
		F42BC48C20E5341A000E159E /* AddAccViewController.swift */ = {isa = PBXFileReference; lastKnownFileType = sourcecode.swift; path = AddAccViewController.swift; sourceTree = "<group>"; };
		F42BC48E20E53435000E159E /* AddAccCollectionViewCell.swift */ = {isa = PBXFileReference; lastKnownFileType = sourcecode.swift; path = AddAccCollectionViewCell.swift; sourceTree = "<group>"; };
		F430C48720C3ADDE00D8A3C8 /* Use.swift */ = {isa = PBXFileReference; lastKnownFileType = sourcecode.swift; path = Use.swift; sourceTree = "<group>"; };
		F439407B20B3044900662113 /* Calender.app */ = {isa = PBXFileReference; explicitFileType = wrapper.application; includeInIndex = 0; path = Calender.app; sourceTree = BUILT_PRODUCTS_DIR; };
		F439407E20B3044900662113 /* AppDelegate.swift */ = {isa = PBXFileReference; lastKnownFileType = sourcecode.swift; path = AppDelegate.swift; sourceTree = "<group>"; };
		F439408020B3044900662113 /* ViewController.swift */ = {isa = PBXFileReference; lastKnownFileType = sourcecode.swift; path = ViewController.swift; sourceTree = "<group>"; };
		F439408320B3044900662113 /* Base */ = {isa = PBXFileReference; lastKnownFileType = file.storyboard; name = Base; path = Base.lproj/Main.storyboard; sourceTree = "<group>"; };
		F439408520B3044A00662113 /* Assets.xcassets */ = {isa = PBXFileReference; lastKnownFileType = folder.assetcatalog; path = Assets.xcassets; sourceTree = "<group>"; };
		F439408820B3044A00662113 /* Base */ = {isa = PBXFileReference; lastKnownFileType = file.storyboard; name = Base; path = Base.lproj/LaunchScreen.storyboard; sourceTree = "<group>"; };
		F439408A20B3044A00662113 /* Info.plist */ = {isa = PBXFileReference; lastKnownFileType = text.plist.xml; path = Info.plist; sourceTree = "<group>"; };
		F43AA74F20C037AA00C63EEE /* FFTableViewController.swift */ = {isa = PBXFileReference; lastKnownFileType = sourcecode.swift; path = FFTableViewController.swift; sourceTree = "<group>"; };
		F45AED9C20D6B4EC00F4FD23 /* UpdatedTableViewController.swift */ = {isa = PBXFileReference; lastKnownFileType = sourcecode.swift; path = UpdatedTableViewController.swift; sourceTree = "<group>"; };
		F460AB0420E2890700676EC2 /* AccountCollectionViewCell.swift */ = {isa = PBXFileReference; lastKnownFileType = sourcecode.swift; path = AccountCollectionViewCell.swift; sourceTree = "<group>"; };
		F460AB0620E2891F00676EC2 /* AccountViewController.swift */ = {isa = PBXFileReference; lastKnownFileType = sourcecode.swift; path = AccountViewController.swift; sourceTree = "<group>"; };
		F475FCA420F1FA4500824659 /* AddAccountViewController.swift */ = {isa = PBXFileReference; lastKnownFileType = sourcecode.swift; path = AddAccountViewController.swift; sourceTree = "<group>"; };
		F47C4D6E20E8E108004FA1DF /* ContentCollectionViewCell.swift */ = {isa = PBXFileReference; lastKnownFileType = sourcecode.swift; path = ContentCollectionViewCell.swift; sourceTree = "<group>"; };
		F47C4D7020E8E11B004FA1DF /* ContentViewController.swift */ = {isa = PBXFileReference; lastKnownFileType = sourcecode.swift; path = ContentViewController.swift; sourceTree = "<group>"; };
		F487E5F320B701E3005F8AC1 /* crayon_1-1.ttf */ = {isa = PBXFileReference; lastKnownFileType = file; name = "crayon_1-1.ttf"; path = "../../../字型/crayonfont/crayon_1-1.ttf"; sourceTree = "<group>"; };
		F4E4653020D0C52A00948CEA /* Calender.xcdatamodel */ = {isa = PBXFileReference; lastKnownFileType = wrapper.xcdatamodel; path = Calender.xcdatamodel; sourceTree = "<group>"; };
		F4F44E6B20EFC42200C6EC7D /* EditViewController.swift */ = {isa = PBXFileReference; lastKnownFileType = sourcecode.swift; path = EditViewController.swift; sourceTree = "<group>"; };
/* End PBXFileReference section */

/* Begin PBXFrameworksBuildPhase section */
		F439407820B3044900662113 /* Frameworks */ = {
			isa = PBXFrameworksBuildPhase;
			buildActionMask = 2147483647;
			files = (
				24D9591BF8B88E8845FA5FE0 /* Pods_Calender.framework in Frameworks */,
			);
			runOnlyForDeploymentPostprocessing = 0;
		};
/* End PBXFrameworksBuildPhase section */

/* Begin PBXGroup section */
		13D2129817DE36892069D100 /* Frameworks */ = {
			isa = PBXGroup;
			children = (
				3113451E1A13FDADEF3950A1 /* Pods_Calender.framework */,
			);
			name = Frameworks;
			sourceTree = "<group>";
		};
		A95BF5079E5F1BCD9F32FC9B /* Pods */ = {
			isa = PBXGroup;
			children = (
				DEA8E5E0CAC23196FB8A2778 /* Pods-Calender.debug.xcconfig */,
				8C9513DD69D40F78669B22D2 /* Pods-Calender.release.xcconfig */,
			);
			name = Pods;
			sourceTree = "<group>";
		};
		F439407220B3044900662113 = {
			isa = PBXGroup;
			children = (
				F439407D20B3044900662113 /* Calender */,
				F439407C20B3044900662113 /* Products */,
				A95BF5079E5F1BCD9F32FC9B /* Pods */,
				13D2129817DE36892069D100 /* Frameworks */,
			);
			sourceTree = "<group>";
		};
		F439407C20B3044900662113 /* Products */ = {
			isa = PBXGroup;
			children = (
				F439407B20B3044900662113 /* Calender.app */,
			);
			name = Products;
			sourceTree = "<group>";
		};
		F439407D20B3044900662113 /* Calender */ = {
			isa = PBXGroup;
			children = (
				F487E5F320B701E3005F8AC1 /* crayon_1-1.ttf */,
				F439407E20B3044900662113 /* AppDelegate.swift */,
				F439408220B3044900662113 /* Main.storyboard */,
				F475FCA420F1FA4500824659 /* AddAccountViewController.swift */,
				F4F44E6B20EFC42200C6EC7D /* EditViewController.swift */,
				F47C4D6E20E8E108004FA1DF /* ContentCollectionViewCell.swift */,
				F47C4D7020E8E11B004FA1DF /* ContentViewController.swift */,
				F42BC48C20E5341A000E159E /* AddAccViewController.swift */,
				F42BC48E20E53435000E159E /* AddAccCollectionViewCell.swift */,
				F42BC48A20E5211B000E159E /* AddDiaryViewController.swift */,
				F42BC48820E520EA000E159E /* DiaryViewController.swift */,
				F460AB0420E2890700676EC2 /* AccountCollectionViewCell.swift */,
				F460AB0620E2891F00676EC2 /* AccountViewController.swift */,
				F420E11420B3091600C6B90C /* CustomCell.swift */,
				F439408020B3044900662113 /* ViewController.swift */,
				F43AA74F20C037AA00C63EEE /* FFTableViewController.swift */,
				F45AED9C20D6B4EC00F4FD23 /* UpdatedTableViewController.swift */,
				F430C48720C3ADDE00D8A3C8 /* Use.swift */,
				F439408520B3044A00662113 /* Assets.xcassets */,
				F439408720B3044A00662113 /* LaunchScreen.storyboard */,
				F439408A20B3044A00662113 /* Info.plist */,
				F4E4652F20D0C52900948CEA /* Calender.xcdatamodeld */,
			);
			path = Calender;
			sourceTree = "<group>";
		};
/* End PBXGroup section */

/* Begin PBXNativeTarget section */
		F439407A20B3044900662113 /* Calender */ = {
			isa = PBXNativeTarget;
			buildConfigurationList = F439408D20B3044A00662113 /* Build configuration list for PBXNativeTarget "Calender" */;
			buildPhases = (
				6D990E0349D9159C36CC9DB0 /* [CP] Check Pods Manifest.lock */,
				F439407720B3044900662113 /* Sources */,
				F439407820B3044900662113 /* Frameworks */,
				F439407920B3044900662113 /* Resources */,
				ACB3A4902F66BD994EB4354B /* [CP] Embed Pods Frameworks */,
			);
			buildRules = (
			);
			dependencies = (
			);
			name = Calender;
			productName = Calender;
			productReference = F439407B20B3044900662113 /* Calender.app */;
			productType = "com.apple.product-type.application";
		};
/* End PBXNativeTarget section */

/* Begin PBXProject section */
		F439407320B3044900662113 /* Project object */ = {
			isa = PBXProject;
			attributes = {
				LastSwiftUpdateCheck = 0930;
				LastUpgradeCheck = 0930;
				ORGANIZATIONNAME = Simon;
				TargetAttributes = {
					F439407A20B3044900662113 = {
						CreatedOnToolsVersion = 9.3.1;
					};
				};
			};
			buildConfigurationList = F439407620B3044900662113 /* Build configuration list for PBXProject "Calender" */;
			compatibilityVersion = "Xcode 9.3";
			developmentRegion = en;
			hasScannedForEncodings = 0;
			knownRegions = (
				en,
				Base,
			);
			mainGroup = F439407220B3044900662113;
			productRefGroup = F439407C20B3044900662113 /* Products */;
			projectDirPath = "";
			projectRoot = "";
			targets = (
				F439407A20B3044900662113 /* Calender */,
			);
		};
/* End PBXProject section */

/* Begin PBXResourcesBuildPhase section */
		F439407920B3044900662113 /* Resources */ = {
			isa = PBXResourcesBuildPhase;
			buildActionMask = 2147483647;
			files = (
				F487E5F420B701E3005F8AC1 /* crayon_1-1.ttf in Resources */,
				F439408920B3044A00662113 /* LaunchScreen.storyboard in Resources */,
				F439408620B3044A00662113 /* Assets.xcassets in Resources */,
				F439408420B3044900662113 /* Main.storyboard in Resources */,
			);
			runOnlyForDeploymentPostprocessing = 0;
		};
/* End PBXResourcesBuildPhase section */

/* Begin PBXShellScriptBuildPhase section */
		6D990E0349D9159C36CC9DB0 /* [CP] Check Pods Manifest.lock */ = {
			isa = PBXShellScriptBuildPhase;
			buildActionMask = 2147483647;
			files = (
			);
			inputPaths = (
				"${PODS_PODFILE_DIR_PATH}/Podfile.lock",
				"${PODS_ROOT}/Manifest.lock",
			);
			name = "[CP] Check Pods Manifest.lock";
			outputPaths = (
				"$(DERIVED_FILE_DIR)/Pods-Calender-checkManifestLockResult.txt",
			);
			runOnlyForDeploymentPostprocessing = 0;
			shellPath = /bin/sh;
			shellScript = "diff \"${PODS_PODFILE_DIR_PATH}/Podfile.lock\" \"${PODS_ROOT}/Manifest.lock\" > /dev/null\nif [ $? != 0 ] ; then\n    # print error to STDERR\n    echo \"error: The sandbox is not in sync with the Podfile.lock. Run 'pod install' or update your CocoaPods installation.\" >&2\n    exit 1\nfi\n# This output is used by Xcode 'outputs' to avoid re-running this script phase.\necho \"SUCCESS\" > \"${SCRIPT_OUTPUT_FILE_0}\"\n";
			showEnvVarsInLog = 0;
		};
		ACB3A4902F66BD994EB4354B /* [CP] Embed Pods Frameworks */ = {
			isa = PBXShellScriptBuildPhase;
			buildActionMask = 2147483647;
			files = (
			);
			inputPaths = (
				"${SRCROOT}/Pods/Target Support Files/Pods-Calender/Pods-Calender-frameworks.sh",
				"${BUILT_PRODUCTS_DIR}/BubbleTransition/BubbleTransition.framework",
				"${BUILT_PRODUCTS_DIR}/JTAppleCalendar/JTAppleCalendar.framework",
				"${BUILT_PRODUCTS_DIR}/RAMPaperSwitch/RAMPaperSwitch.framework",
			);
			name = "[CP] Embed Pods Frameworks";
			outputPaths = (
				"${TARGET_BUILD_DIR}/${FRAMEWORKS_FOLDER_PATH}/BubbleTransition.framework",
				"${TARGET_BUILD_DIR}/${FRAMEWORKS_FOLDER_PATH}/JTAppleCalendar.framework",
				"${TARGET_BUILD_DIR}/${FRAMEWORKS_FOLDER_PATH}/RAMPaperSwitch.framework",
			);
			runOnlyForDeploymentPostprocessing = 0;
			shellPath = /bin/sh;
			shellScript = "\"${SRCROOT}/Pods/Target Support Files/Pods-Calender/Pods-Calender-frameworks.sh\"\n";
			showEnvVarsInLog = 0;
		};
/* End PBXShellScriptBuildPhase section */

/* Begin PBXSourcesBuildPhase section */
		F439407720B3044900662113 /* Sources */ = {
			isa = PBXSourcesBuildPhase;
			buildActionMask = 2147483647;
			files = (
				F439408120B3044900662113 /* ViewController.swift in Sources */,
				F430C48820C3ADDE00D8A3C8 /* Use.swift in Sources */,
				F47C4D6F20E8E108004FA1DF /* ContentCollectionViewCell.swift in Sources */,
				F420E11520B3091600C6B90C /* CustomCell.swift in Sources */,
				F4E4653120D0C52A00948CEA /* Calender.xcdatamodeld in Sources */,
				F42BC48B20E5211B000E159E /* AddDiaryViewController.swift in Sources */,
				F45AED9D20D6B4EC00F4FD23 /* UpdatedTableViewController.swift in Sources */,
				F439407F20B3044900662113 /* AppDelegate.swift in Sources */,
				F4F44E6C20EFC42200C6EC7D /* EditViewController.swift in Sources */,
				F475FCA520F1FA4500824659 /* AddAccountViewController.swift in Sources */,
				F42BC48920E520EA000E159E /* DiaryViewController.swift in Sources */,
				F42BC48D20E5341A000E159E /* AddAccViewController.swift in Sources */,
				F47C4D7120E8E11B004FA1DF /* ContentViewController.swift in Sources */,
				F460AB0520E2890700676EC2 /* AccountCollectionViewCell.swift in Sources */,
				F42BC48F20E53435000E159E /* AddAccCollectionViewCell.swift in Sources */,
				F43AA75020C037AA00C63EEE /* FFTableViewController.swift in Sources */,
				F460AB0720E2891F00676EC2 /* AccountViewController.swift in Sources */,
			);
			runOnlyForDeploymentPostprocessing = 0;
		};
/* End PBXSourcesBuildPhase section */

/* Begin PBXVariantGroup section */
		F439408220B3044900662113 /* Main.storyboard */ = {
			isa = PBXVariantGroup;
			children = (
				F439408320B3044900662113 /* Base */,
			);
			name = Main.storyboard;
			sourceTree = "<group>";
		};
		F439408720B3044A00662113 /* LaunchScreen.storyboard */ = {
			isa = PBXVariantGroup;
			children = (
				F439408820B3044A00662113 /* Base */,
			);
			name = LaunchScreen.storyboard;
			sourceTree = "<group>";
		};
/* End PBXVariantGroup section */

/* Begin XCBuildConfiguration section */
		F439408B20B3044A00662113 /* Debug */ = {
			isa = XCBuildConfiguration;
			buildSettings = {
				ALWAYS_SEARCH_USER_PATHS = NO;
				CLANG_ANALYZER_NONNULL = YES;
				CLANG_ANALYZER_NUMBER_OBJECT_CONVERSION = YES_AGGRESSIVE;
				CLANG_CXX_LANGUAGE_STANDARD = "gnu++14";
				CLANG_CXX_LIBRARY = "libc++";
				CLANG_ENABLE_MODULES = YES;
				CLANG_ENABLE_OBJC_ARC = YES;
				CLANG_ENABLE_OBJC_WEAK = YES;
				CLANG_WARN_BLOCK_CAPTURE_AUTORELEASING = YES;
				CLANG_WARN_BOOL_CONVERSION = YES;
				CLANG_WARN_COMMA = YES;
				CLANG_WARN_CONSTANT_CONVERSION = YES;
				CLANG_WARN_DEPRECATED_OBJC_IMPLEMENTATIONS = YES;
				CLANG_WARN_DIRECT_OBJC_ISA_USAGE = YES_ERROR;
				CLANG_WARN_DOCUMENTATION_COMMENTS = YES;
				CLANG_WARN_EMPTY_BODY = YES;
				CLANG_WARN_ENUM_CONVERSION = YES;
				CLANG_WARN_INFINITE_RECURSION = YES;
				CLANG_WARN_INT_CONVERSION = YES;
				CLANG_WARN_NON_LITERAL_NULL_CONVERSION = YES;
				CLANG_WARN_OBJC_IMPLICIT_RETAIN_SELF = YES;
				CLANG_WARN_OBJC_LITERAL_CONVERSION = YES;
				CLANG_WARN_OBJC_ROOT_CLASS = YES_ERROR;
				CLANG_WARN_RANGE_LOOP_ANALYSIS = YES;
				CLANG_WARN_STRICT_PROTOTYPES = YES;
				CLANG_WARN_SUSPICIOUS_MOVE = YES;
				CLANG_WARN_UNGUARDED_AVAILABILITY = YES_AGGRESSIVE;
				CLANG_WARN_UNREACHABLE_CODE = YES;
				CLANG_WARN__DUPLICATE_METHOD_MATCH = YES;
				CODE_SIGN_IDENTITY = "iPhone Developer";
				COPY_PHASE_STRIP = NO;
				DEBUG_INFORMATION_FORMAT = dwarf;
				ENABLE_STRICT_OBJC_MSGSEND = YES;
				ENABLE_TESTABILITY = YES;
				GCC_C_LANGUAGE_STANDARD = gnu11;
				GCC_DYNAMIC_NO_PIC = NO;
				GCC_NO_COMMON_BLOCKS = YES;
				GCC_OPTIMIZATION_LEVEL = 0;
				GCC_PREPROCESSOR_DEFINITIONS = (
					"DEBUG=1",
					"$(inherited)",
				);
				GCC_WARN_64_TO_32_BIT_CONVERSION = YES;
				GCC_WARN_ABOUT_RETURN_TYPE = YES_ERROR;
				GCC_WARN_UNDECLARED_SELECTOR = YES;
				GCC_WARN_UNINITIALIZED_AUTOS = YES_AGGRESSIVE;
				GCC_WARN_UNUSED_FUNCTION = YES;
				GCC_WARN_UNUSED_VARIABLE = YES;
				IPHONEOS_DEPLOYMENT_TARGET = 11.3;
				MTL_ENABLE_DEBUG_INFO = YES;
				ONLY_ACTIVE_ARCH = YES;
				SDKROOT = iphoneos;
				SWIFT_ACTIVE_COMPILATION_CONDITIONS = DEBUG;
				SWIFT_OPTIMIZATION_LEVEL = "-Onone";
			};
			name = Debug;
		};
		F439408C20B3044A00662113 /* Release */ = {
			isa = XCBuildConfiguration;
			buildSettings = {
				ALWAYS_SEARCH_USER_PATHS = NO;
				CLANG_ANALYZER_NONNULL = YES;
				CLANG_ANALYZER_NUMBER_OBJECT_CONVERSION = YES_AGGRESSIVE;
				CLANG_CXX_LANGUAGE_STANDARD = "gnu++14";
				CLANG_CXX_LIBRARY = "libc++";
				CLANG_ENABLE_MODULES = YES;
				CLANG_ENABLE_OBJC_ARC = YES;
				CLANG_ENABLE_OBJC_WEAK = YES;
				CLANG_WARN_BLOCK_CAPTURE_AUTORELEASING = YES;
				CLANG_WARN_BOOL_CONVERSION = YES;
				CLANG_WARN_COMMA = YES;
				CLANG_WARN_CONSTANT_CONVERSION = YES;
				CLANG_WARN_DEPRECATED_OBJC_IMPLEMENTATIONS = YES;
				CLANG_WARN_DIRECT_OBJC_ISA_USAGE = YES_ERROR;
				CLANG_WARN_DOCUMENTATION_COMMENTS = YES;
				CLANG_WARN_EMPTY_BODY = YES;
				CLANG_WARN_ENUM_CONVERSION = YES;
				CLANG_WARN_INFINITE_RECURSION = YES;
				CLANG_WARN_INT_CONVERSION = YES;
				CLANG_WARN_NON_LITERAL_NULL_CONVERSION = YES;
				CLANG_WARN_OBJC_IMPLICIT_RETAIN_SELF = YES;
				CLANG_WARN_OBJC_LITERAL_CONVERSION = YES;
				CLANG_WARN_OBJC_ROOT_CLASS = YES_ERROR;
				CLANG_WARN_RANGE_LOOP_ANALYSIS = YES;
				CLANG_WARN_STRICT_PROTOTYPES = YES;
				CLANG_WARN_SUSPICIOUS_MOVE = YES;
				CLANG_WARN_UNGUARDED_AVAILABILITY = YES_AGGRESSIVE;
				CLANG_WARN_UNREACHABLE_CODE = YES;
				CLANG_WARN__DUPLICATE_METHOD_MATCH = YES;
				CODE_SIGN_IDENTITY = "iPhone Developer";
				COPY_PHASE_STRIP = NO;
				DEBUG_INFORMATION_FORMAT = "dwarf-with-dsym";
				ENABLE_NS_ASSERTIONS = NO;
				ENABLE_STRICT_OBJC_MSGSEND = YES;
				GCC_C_LANGUAGE_STANDARD = gnu11;
				GCC_NO_COMMON_BLOCKS = YES;
				GCC_WARN_64_TO_32_BIT_CONVERSION = YES;
				GCC_WARN_ABOUT_RETURN_TYPE = YES_ERROR;
				GCC_WARN_UNDECLARED_SELECTOR = YES;
				GCC_WARN_UNINITIALIZED_AUTOS = YES_AGGRESSIVE;
				GCC_WARN_UNUSED_FUNCTION = YES;
				GCC_WARN_UNUSED_VARIABLE = YES;
				IPHONEOS_DEPLOYMENT_TARGET = 11.3;
				MTL_ENABLE_DEBUG_INFO = NO;
				SDKROOT = iphoneos;
				SWIFT_COMPILATION_MODE = wholemodule;
				SWIFT_OPTIMIZATION_LEVEL = "-O";
				VALIDATE_PRODUCT = YES;
			};
			name = Release;
		};
		F439408E20B3044A00662113 /* Debug */ = {
			isa = XCBuildConfiguration;
			baseConfigurationReference = DEA8E5E0CAC23196FB8A2778 /* Pods-Calender.debug.xcconfig */;
			buildSettings = {
				ASSETCATALOG_COMPILER_APPICON_NAME = AppIcon;
				CODE_SIGN_STYLE = Automatic;
				DEVELOPMENT_TEAM = VJR6R85KA7;
				INFOPLIST_FILE = Calender/Info.plist;
				IPHONEOS_DEPLOYMENT_TARGET = 10.3;
				LD_RUNPATH_SEARCH_PATHS = (
					"$(inherited)",
					"@executable_path/Frameworks",
				);
				PRODUCT_BUNDLE_IDENTIFIER = com.self.Calender;
				PRODUCT_NAME = "$(TARGET_NAME)";
				SWIFT_VERSION = 4.0;
				TARGETED_DEVICE_FAMILY = "1,2";
			};
			name = Debug;
		};
		F439408F20B3044A00662113 /* Release */ = {
			isa = XCBuildConfiguration;
			baseConfigurationReference = 8C9513DD69D40F78669B22D2 /* Pods-Calender.release.xcconfig */;
			buildSettings = {
				ASSETCATALOG_COMPILER_APPICON_NAME = AppIcon;
				CODE_SIGN_STYLE = Automatic;
				DEVELOPMENT_TEAM = VJR6R85KA7;
				INFOPLIST_FILE = Calender/Info.plist;
				IPHONEOS_DEPLOYMENT_TARGET = 10.3;
				LD_RUNPATH_SEARCH_PATHS = (
					"$(inherited)",
					"@executable_path/Frameworks",
				);
				PRODUCT_BUNDLE_IDENTIFIER = com.self.Calender;
				PRODUCT_NAME = "$(TARGET_NAME)";
				SWIFT_VERSION = 4.0;
				TARGETED_DEVICE_FAMILY = "1,2";
			};
			name = Release;
		};
/* End XCBuildConfiguration section */

/* Begin XCConfigurationList section */
		F439407620B3044900662113 /* Build configuration list for PBXProject "Calender" */ = {
			isa = XCConfigurationList;
			buildConfigurations = (
				F439408B20B3044A00662113 /* Debug */,
				F439408C20B3044A00662113 /* Release */,
			);
			defaultConfigurationIsVisible = 0;
			defaultConfigurationName = Release;
		};
		F439408D20B3044A00662113 /* Build configuration list for PBXNativeTarget "Calender" */ = {
			isa = XCConfigurationList;
			buildConfigurations = (
				F439408E20B3044A00662113 /* Debug */,
				F439408F20B3044A00662113 /* Release */,
			);
			defaultConfigurationIsVisible = 0;
			defaultConfigurationName = Release;
		};
/* End XCConfigurationList section */

/* Begin XCVersionGroup section */
		F4E4652F20D0C52900948CEA /* Calender.xcdatamodeld */ = {
			isa = XCVersionGroup;
			children = (
				F4E4653020D0C52A00948CEA /* Calender.xcdatamodel */,
			);
			currentVersion = F4E4653020D0C52A00948CEA /* Calender.xcdatamodel */;
			path = Calender.xcdatamodeld;
			sourceTree = "<group>";
			versionGroupType = wrapper.xcdatamodel;
		};
/* End XCVersionGroup section */
	};
	rootObject = F439407320B3044900662113 /* Project object */;
}
